// !$*UTF8*$!
{
	archiveVersion = 1;
	classes = {
	};
	objectVersion = 46;
	objects = {

/* Begin PBXBuildFile section */
		232E34991CCF9D3D0018E724 /* AppDelegate.swift in Sources */ = {isa = PBXBuildFile; fileRef = 232E34981CCF9D3D0018E724 /* AppDelegate.swift */; };
		232E34A01CCF9D3D0018E724 /* Main.storyboard in Resources */ = {isa = PBXBuildFile; fileRef = 232E349E1CCF9D3D0018E724 /* Main.storyboard */; };
		232E34A21CCF9D3D0018E724 /* Assets.xcassets in Resources */ = {isa = PBXBuildFile; fileRef = 232E34A11CCF9D3D0018E724 /* Assets.xcassets */; };
		232E34AA1CCFAD660018E724 /* PlacesViewController.swift in Sources */ = {isa = PBXBuildFile; fileRef = 232E34A91CCFAD660018E724 /* PlacesViewController.swift */; };
		232E34AC1CCFAD790018E724 /* WebCamViewController.swift in Sources */ = {isa = PBXBuildFile; fileRef = 232E34AB1CCFAD790018E724 /* WebCamViewController.swift */; };
		232E34AE1CCFAD8C0018E724 /* AboutMeViewController.swift in Sources */ = {isa = PBXBuildFile; fileRef = 232E34AD1CCFAD8C0018E724 /* AboutMeViewController.swift */; };
		232E34B71CCFB1D50018E724 /* ServerManager.swift in Sources */ = {isa = PBXBuildFile; fileRef = 232E34B61CCFB1D50018E724 /* ServerManager.swift */; };
		232E34B91CCFB2530018E724 /* APIRouter.swift in Sources */ = {isa = PBXBuildFile; fileRef = 232E34B81CCFB2530018E724 /* APIRouter.swift */; };
		232E34BB1CCFB33A0018E724 /* Settings.swift in Sources */ = {isa = PBXBuildFile; fileRef = 232E34BA1CCFB33A0018E724 /* Settings.swift */; };
		232E34BF1CCFBB6B0018E724 /* Place.swift in Sources */ = {isa = PBXBuildFile; fileRef = 232E34BE1CCFBB6B0018E724 /* Place.swift */; };
		232E34C11CCFEDF40018E724 /* PlaceCell.swift in Sources */ = {isa = PBXBuildFile; fileRef = 232E34C01CCFEDF40018E724 /* PlaceCell.swift */; };
		73E4AA6B923D0356CB35EE83 /* Pods_Places.framework in Frameworks */ = {isa = PBXBuildFile; fileRef = E301E0B5F02D42305EFC7CA9 /* Pods_Places.framework */; };
/* End PBXBuildFile section */

/* Begin PBXFileReference section */
		0F293E46EADBA13982CE9B86 /* Pods-Places.debug.xcconfig */ = {isa = PBXFileReference; includeInIndex = 1; lastKnownFileType = text.xcconfig; name = "Pods-Places.debug.xcconfig"; path = "Pods/Target Support Files/Pods-Places/Pods-Places.debug.xcconfig"; sourceTree = "<group>"; };
		106A8A5E546F168112401AF6 /* Pods-Places.release.xcconfig */ = {isa = PBXFileReference; includeInIndex = 1; lastKnownFileType = text.xcconfig; name = "Pods-Places.release.xcconfig"; path = "Pods/Target Support Files/Pods-Places/Pods-Places.release.xcconfig"; sourceTree = "<group>"; };
		232E34951CCF9D3D0018E724 /* Places.app */ = {isa = PBXFileReference; explicitFileType = wrapper.application; includeInIndex = 0; path = Places.app; sourceTree = BUILT_PRODUCTS_DIR; };
		232E34981CCF9D3D0018E724 /* AppDelegate.swift */ = {isa = PBXFileReference; lastKnownFileType = sourcecode.swift; path = AppDelegate.swift; sourceTree = "<group>"; };
		232E349F1CCF9D3D0018E724 /* Base */ = {isa = PBXFileReference; lastKnownFileType = file.storyboard; name = Base; path = Base.lproj/Main.storyboard; sourceTree = "<group>"; };
		232E34A11CCF9D3D0018E724 /* Assets.xcassets */ = {isa = PBXFileReference; lastKnownFileType = folder.assetcatalog; path = Assets.xcassets; sourceTree = "<group>"; };
		232E34A31CCF9D3D0018E724 /* Info.plist */ = {isa = PBXFileReference; lastKnownFileType = text.plist.xml; path = Info.plist; sourceTree = "<group>"; };
		232E34A91CCFAD660018E724 /* PlacesViewController.swift */ = {isa = PBXFileReference; fileEncoding = 4; lastKnownFileType = sourcecode.swift; path = PlacesViewController.swift; sourceTree = "<group>"; };
		232E34AB1CCFAD790018E724 /* WebCamViewController.swift */ = {isa = PBXFileReference; fileEncoding = 4; lastKnownFileType = sourcecode.swift; path = WebCamViewController.swift; sourceTree = "<group>"; };
		232E34AD1CCFAD8C0018E724 /* AboutMeViewController.swift */ = {isa = PBXFileReference; fileEncoding = 4; lastKnownFileType = sourcecode.swift; path = AboutMeViewController.swift; sourceTree = "<group>"; };
		232E34B61CCFB1D50018E724 /* ServerManager.swift */ = {isa = PBXFileReference; fileEncoding = 4; lastKnownFileType = sourcecode.swift; path = ServerManager.swift; sourceTree = "<group>"; };
		232E34B81CCFB2530018E724 /* APIRouter.swift */ = {isa = PBXFileReference; fileEncoding = 4; lastKnownFileType = sourcecode.swift; path = APIRouter.swift; sourceTree = "<group>"; };
		232E34BA1CCFB33A0018E724 /* Settings.swift */ = {isa = PBXFileReference; fileEncoding = 4; lastKnownFileType = sourcecode.swift; path = Settings.swift; sourceTree = "<group>"; };
		232E34BE1CCFBB6B0018E724 /* Place.swift */ = {isa = PBXFileReference; fileEncoding = 4; lastKnownFileType = sourcecode.swift; path = Place.swift; sourceTree = "<group>"; };
		232E34C01CCFEDF40018E724 /* PlaceCell.swift */ = {isa = PBXFileReference; fileEncoding = 4; lastKnownFileType = sourcecode.swift; path = PlaceCell.swift; sourceTree = "<group>"; };
		E301E0B5F02D42305EFC7CA9 /* Pods_Places.framework */ = {isa = PBXFileReference; explicitFileType = wrapper.framework; includeInIndex = 0; path = Pods_Places.framework; sourceTree = BUILT_PRODUCTS_DIR; };
/* End PBXFileReference section */

/* Begin PBXFrameworksBuildPhase section */
		232E34921CCF9D3D0018E724 /* Frameworks */ = {
			isa = PBXFrameworksBuildPhase;
			buildActionMask = 2147483647;
			files = (
				73E4AA6B923D0356CB35EE83 /* Pods_Places.framework in Frameworks */,
			);
			runOnlyForDeploymentPostprocessing = 0;
		};
/* End PBXFrameworksBuildPhase section */

/* Begin PBXGroup section */
		12D05E39315D3ABC41A772E7 /* Frameworks */ = {
			isa = PBXGroup;
			children = (
				E301E0B5F02D42305EFC7CA9 /* Pods_Places.framework */,
			);
			name = Frameworks;
			sourceTree = "<group>";
		};
		232E348C1CCF9D3D0018E724 = {
			isa = PBXGroup;
			children = (
				232E34971CCF9D3D0018E724 /* Places */,
				232E34961CCF9D3D0018E724 /* Products */,
				96D6B44AC36981195B5D474A /* Pods */,
				12D05E39315D3ABC41A772E7 /* Frameworks */,
			);
			sourceTree = "<group>";
		};
		232E34961CCF9D3D0018E724 /* Products */ = {
			isa = PBXGroup;
			children = (
				232E34951CCF9D3D0018E724 /* Places.app */,
			);
			name = Products;
			sourceTree = "<group>";
		};
		232E34971CCF9D3D0018E724 /* Places */ = {
			isa = PBXGroup;
			children = (
				232E34981CCF9D3D0018E724 /* AppDelegate.swift */,
				232E349E1CCF9D3D0018E724 /* Main.storyboard */,
				232E34AF1CCFB0B20018E724 /* Models */,
				232E34B01CCFB0C00018E724 /* Views */,
				232E34B21CCFB0FD0018E724 /* Controllers */,
				232E34B41CCFB1300018E724 /* Services */,
				232E34B31CCFB1110018E724 /* Helpers */,
				232E34B51CCFB1550018E724 /* Supporting Files */,
			);
			path = Places;
			sourceTree = "<group>";
		};
		232E34AF1CCFB0B20018E724 /* Models */ = {
			isa = PBXGroup;
			children = (
				232E34BE1CCFBB6B0018E724 /* Place.swift */,
			);
			name = Models;
			sourceTree = "<group>";
		};
		232E34B01CCFB0C00018E724 /* Views */ = {
			isa = PBXGroup;
			children = (
				232E34B11CCFB0EC0018E724 /* Cells */,
			);
			name = Views;
			sourceTree = "<group>";
		};
		232E34B11CCFB0EC0018E724 /* Cells */ = {
			isa = PBXGroup;
			children = (
				232E34C01CCFEDF40018E724 /* PlaceCell.swift */,
			);
			name = Cells;
			sourceTree = "<group>";
		};
		232E34B21CCFB0FD0018E724 /* Controllers */ = {
			isa = PBXGroup;
			children = (
				232E34A91CCFAD660018E724 /* PlacesViewController.swift */,
				232E34AB1CCFAD790018E724 /* WebCamViewController.swift */,
				232E34AD1CCFAD8C0018E724 /* AboutMeViewController.swift */,
			);
			name = Controllers;
			sourceTree = "<group>";
		};
		232E34B31CCFB1110018E724 /* Helpers */ = {
			isa = PBXGroup;
			children = (
				232E34BA1CCFB33A0018E724 /* Settings.swift */,
			);
			name = Helpers;
			sourceTree = "<group>";
		};
		232E34B41CCFB1300018E724 /* Services */ = {
			isa = PBXGroup;
			children = (
				232E34B61CCFB1D50018E724 /* ServerManager.swift */,
				232E34B81CCFB2530018E724 /* APIRouter.swift */,
			);
			name = Services;
			sourceTree = "<group>";
		};
		232E34B51CCFB1550018E724 /* Supporting Files */ = {
			isa = PBXGroup;
			children = (
				232E34A11CCF9D3D0018E724 /* Assets.xcassets */,
				232E34A31CCF9D3D0018E724 /* Info.plist */,
			);
			name = "Supporting Files";
			sourceTree = "<group>";
		};
		96D6B44AC36981195B5D474A /* Pods */ = {
			isa = PBXGroup;
			children = (
				0F293E46EADBA13982CE9B86 /* Pods-Places.debug.xcconfig */,
				106A8A5E546F168112401AF6 /* Pods-Places.release.xcconfig */,
			);
			name = Pods;
			sourceTree = "<group>";
		};
/* End PBXGroup section */

/* Begin PBXNativeTarget section */
		232E34941CCF9D3D0018E724 /* Places */ = {
			isa = PBXNativeTarget;
			buildConfigurationList = 232E34A61CCF9D3D0018E724 /* Build configuration list for PBXNativeTarget "Places" */;
			buildPhases = (
				EE186AF11FB074392433D51B /* Check Pods Manifest.lock */,
				232E34911CCF9D3D0018E724 /* Sources */,
				232E34921CCF9D3D0018E724 /* Frameworks */,
				232E34931CCF9D3D0018E724 /* Resources */,
				F47EDB6CA99E17A3922563B4 /* Embed Pods Frameworks */,
				E06FBA97953380C67C51D247 /* Copy Pods Resources */,
			);
			buildRules = (
			);
			dependencies = (
			);
			name = Places;
			productName = Places;
			productReference = 232E34951CCF9D3D0018E724 /* Places.app */;
			productType = "com.apple.product-type.application";
		};
/* End PBXNativeTarget section */

/* Begin PBXProject section */
		232E348D1CCF9D3D0018E724 /* Project object */ = {
			isa = PBXProject;
			attributes = {
				LastSwiftUpdateCheck = 0730;
				LastUpgradeCheck = 0730;
				ORGANIZATIONNAME = "Serhii Onopriienko";
				TargetAttributes = {
					232E34941CCF9D3D0018E724 = {
						CreatedOnToolsVersion = 7.3;
					};
				};
			};
			buildConfigurationList = 232E34901CCF9D3D0018E724 /* Build configuration list for PBXProject "Places" */;
			compatibilityVersion = "Xcode 3.2";
			developmentRegion = English;
			hasScannedForEncodings = 0;
			knownRegions = (
				en,
				Base,
			);
			mainGroup = 232E348C1CCF9D3D0018E724;
			productRefGroup = 232E34961CCF9D3D0018E724 /* Products */;
			projectDirPath = "";
			projectRoot = "";
			targets = (
				232E34941CCF9D3D0018E724 /* Places */,
			);
		};
/* End PBXProject section */

/* Begin PBXResourcesBuildPhase section */
		232E34931CCF9D3D0018E724 /* Resources */ = {
			isa = PBXResourcesBuildPhase;
			buildActionMask = 2147483647;
			files = (
				232E34A21CCF9D3D0018E724 /* Assets.xcassets in Resources */,
				232E34A01CCF9D3D0018E724 /* Main.storyboard in Resources */,
			);
			runOnlyForDeploymentPostprocessing = 0;
		};
/* End PBXResourcesBuildPhase section */

/* Begin PBXShellScriptBuildPhase section */
		E06FBA97953380C67C51D247 /* Copy Pods Resources */ = {
			isa = PBXShellScriptBuildPhase;
			buildActionMask = 2147483647;
			files = (
			);
			inputPaths = (
			);
			name = "Copy Pods Resources";
			outputPaths = (
			);
			runOnlyForDeploymentPostprocessing = 0;
			shellPath = /bin/sh;
			shellScript = "\"${SRCROOT}/Pods/Target Support Files/Pods-Places/Pods-Places-resources.sh\"\n";
			showEnvVarsInLog = 0;
		};
		EE186AF11FB074392433D51B /* Check Pods Manifest.lock */ = {
			isa = PBXShellScriptBuildPhase;
			buildActionMask = 2147483647;
			files = (
			);
			inputPaths = (
			);
			name = "Check Pods Manifest.lock";
			outputPaths = (
			);
			runOnlyForDeploymentPostprocessing = 0;
			shellPath = /bin/sh;
			shellScript = "diff \"${PODS_ROOT}/../Podfile.lock\" \"${PODS_ROOT}/Manifest.lock\" > /dev/null\nif [[ $? != 0 ]] ; then\n    cat << EOM\nerror: The sandbox is not in sync with the Podfile.lock. Run 'pod install' or update your CocoaPods installation.\nEOM\n    exit 1\nfi\n";
			showEnvVarsInLog = 0;
		};
		F47EDB6CA99E17A3922563B4 /* Embed Pods Frameworks */ = {
			isa = PBXShellScriptBuildPhase;
			buildActionMask = 2147483647;
			files = (
			);
			inputPaths = (
			);
			name = "Embed Pods Frameworks";
			outputPaths = (
			);
			runOnlyForDeploymentPostprocessing = 0;
			shellPath = /bin/sh;
			shellScript = "\"${SRCROOT}/Pods/Target Support Files/Pods-Places/Pods-Places-frameworks.sh\"\n";
			showEnvVarsInLog = 0;
		};
/* End PBXShellScriptBuildPhase section */

/* Begin PBXSourcesBuildPhase section */
		232E34911CCF9D3D0018E724 /* Sources */ = {
			isa = PBXSourcesBuildPhase;
			buildActionMask = 2147483647;
			files = (
				232E34B71CCFB1D50018E724 /* ServerManager.swift in Sources */,
				232E34B91CCFB2530018E724 /* APIRouter.swift in Sources */,
				232E34AA1CCFAD660018E724 /* PlacesViewController.swift in Sources */,
				232E34BF1CCFBB6B0018E724 /* Place.swift in Sources */,
				232E34991CCF9D3D0018E724 /* AppDelegate.swift in Sources */,
				232E34BB1CCFB33A0018E724 /* Settings.swift in Sources */,
				232E34AC1CCFAD790018E724 /* WebCamViewController.swift in Sources */,
				232E34AE1CCFAD8C0018E724 /* AboutMeViewController.swift in Sources */,
				232E34C11CCFEDF40018E724 /* PlaceCell.swift in Sources */,
			);
			runOnlyForDeploymentPostprocessing = 0;
		};
/* End PBXSourcesBuildPhase section */

/* Begin PBXVariantGroup section */
		232E349E1CCF9D3D0018E724 /* Main.storyboard */ = {
			isa = PBXVariantGroup;
			children = (
				232E349F1CCF9D3D0018E724 /* Base */,
			);
			name = Main.storyboard;
			sourceTree = "<group>";
		};
/* End PBXVariantGroup section */

/* Begin XCBuildConfiguration section */
		232E34A41CCF9D3D0018E724 /* Debug */ = {
			isa = XCBuildConfiguration;
			buildSettings = {
				ALWAYS_SEARCH_USER_PATHS = NO;
				CLANG_ANALYZER_NONNULL = YES;
				CLANG_CXX_LANGUAGE_STANDARD = "gnu++0x";
				CLANG_CXX_LIBRARY = "libc++";
				CLANG_ENABLE_MODULES = YES;
				CLANG_ENABLE_OBJC_ARC = YES;
				CLANG_WARN_BOOL_CONVERSION = YES;
				CLANG_WARN_CONSTANT_CONVERSION = YES;
				CLANG_WARN_DIRECT_OBJC_ISA_USAGE = YES_ERROR;
				CLANG_WARN_EMPTY_BODY = YES;
				CLANG_WARN_ENUM_CONVERSION = YES;
				CLANG_WARN_INT_CONVERSION = YES;
				CLANG_WARN_OBJC_ROOT_CLASS = YES_ERROR;
				CLANG_WARN_UNREACHABLE_CODE = YES;
				CLANG_WARN__DUPLICATE_METHOD_MATCH = YES;
				COPY_PHASE_STRIP = NO;
				DEBUG_INFORMATION_FORMAT = dwarf;
				ENABLE_STRICT_OBJC_MSGSEND = YES;
				ENABLE_TESTABILITY = YES;
				GCC_C_LANGUAGE_STANDARD = gnu99;
				GCC_DYNAMIC_NO_PIC = NO;
				GCC_NO_COMMON_BLOCKS = YES;
				GCC_OPTIMIZATION_LEVEL = 0;
				GCC_PREPROCESSOR_DEFINITIONS = (
					"DEBUG=1",
					"$(inherited)",
				);
				GCC_WARN_64_TO_32_BIT_CONVERSION = YES;
				GCC_WARN_ABOUT_RETURN_TYPE = YES_ERROR;
				GCC_WARN_UNDECLARED_SELECTOR = YES;
				GCC_WARN_UNINITIALIZED_AUTOS = YES_AGGRESSIVE;
				GCC_WARN_UNUSED_FUNCTION = YES;
				GCC_WARN_UNUSED_VARIABLE = YES;
				MTL_ENABLE_DEBUG_INFO = YES;
				ONLY_ACTIVE_ARCH = YES;
				SDKROOT = appletvos;
				SWIFT_OPTIMIZATION_LEVEL = "-Onone";
				TARGETED_DEVICE_FAMILY = 3;
				TVOS_DEPLOYMENT_TARGET = 9.2;
			};
			name = Debug;
		};
		232E34A51CCF9D3D0018E724 /* Release */ = {
			isa = XCBuildConfiguration;
			buildSettings = {
				ALWAYS_SEARCH_USER_PATHS = NO;
				CLANG_ANALYZER_NONNULL = YES;
				CLANG_CXX_LANGUAGE_STANDARD = "gnu++0x";
				CLANG_CXX_LIBRARY = "libc++";
				CLANG_ENABLE_MODULES = YES;
				CLANG_ENABLE_OBJC_ARC = YES;
				CLANG_WARN_BOOL_CONVERSION = YES;
				CLANG_WARN_CONSTANT_CONVERSION = YES;
				CLANG_WARN_DIRECT_OBJC_ISA_USAGE = YES_ERROR;
				CLANG_WARN_EMPTY_BODY = YES;
				CLANG_WARN_ENUM_CONVERSION = YES;
				CLANG_WARN_INT_CONVERSION = YES;
				CLANG_WARN_OBJC_ROOT_CLASS = YES_ERROR;
				CLANG_WARN_UNREACHABLE_CODE = YES;
				CLANG_WARN__DUPLICATE_METHOD_MATCH = YES;
				COPY_PHASE_STRIP = NO;
				DEBUG_INFORMATION_FORMAT = "dwarf-with-dsym";
				ENABLE_NS_ASSERTIONS = NO;
				ENABLE_STRICT_OBJC_MSGSEND = YES;
				GCC_C_LANGUAGE_STANDARD = gnu99;
				GCC_NO_COMMON_BLOCKS = YES;
				GCC_WARN_64_TO_32_BIT_CONVERSION = YES;
				GCC_WARN_ABOUT_RETURN_TYPE = YES_ERROR;
				GCC_WARN_UNDECLARED_SELECTOR = YES;
				GCC_WARN_UNINITIALIZED_AUTOS = YES_AGGRESSIVE;
				GCC_WARN_UNUSED_FUNCTION = YES;
				GCC_WARN_UNUSED_VARIABLE = YES;
				MTL_ENABLE_DEBUG_INFO = NO;
				SDKROOT = appletvos;
				TARGETED_DEVICE_FAMILY = 3;
				TVOS_DEPLOYMENT_TARGET = 9.2;
				VALIDATE_PRODUCT = YES;
			};
			name = Release;
		};
		232E34A71CCF9D3D0018E724 /* Debug */ = {
			isa = XCBuildConfiguration;
			baseConfigurationReference = 0F293E46EADBA13982CE9B86 /* Pods-Places.debug.xcconfig */;
			buildSettings = {
				ASSETCATALOG_COMPILER_APPICON_NAME = "App Icon & Top Shelf Image";
				ASSETCATALOG_COMPILER_LAUNCHIMAGE_NAME = LaunchImage;
				INFOPLIST_FILE = Places/Info.plist;
				LD_RUNPATH_SEARCH_PATHS = "$(inherited) @executable_path/Frameworks";
				PRODUCT_BUNDLE_IDENTIFIER = com.onopriienko.Places;
				PRODUCT_NAME = "$(TARGET_NAME)";
			};
			name = Debug;
		};
		232E34A81CCF9D3D0018E724 /* Release */ = {
			isa = XCBuildConfiguration;
			baseConfigurationReference = 106A8A5E546F168112401AF6 /* Pods-Places.release.xcconfig */;
			buildSettings = {
				ASSETCATALOG_COMPILER_APPICON_NAME = "App Icon & Top Shelf Image";
				ASSETCATALOG_COMPILER_LAUNCHIMAGE_NAME = LaunchImage;
				INFOPLIST_FILE = Places/Info.plist;
				LD_RUNPATH_SEARCH_PATHS = "$(inherited) @executable_path/Frameworks";
				PRODUCT_BUNDLE_IDENTIFIER = com.onopriienko.Places;
				PRODUCT_NAME = "$(TARGET_NAME)";
			};
			name = Release;
		};
/* End XCBuildConfiguration section */

/* Begin XCConfigurationList section */
		232E34901CCF9D3D0018E724 /* Build configuration list for PBXProject "Places" */ = {
			isa = XCConfigurationList;
			buildConfigurations = (
				232E34A41CCF9D3D0018E724 /* Debug */,
				232E34A51CCF9D3D0018E724 /* Release */,
			);
			defaultConfigurationIsVisible = 0;
			defaultConfigurationName = Release;
		};
		232E34A61CCF9D3D0018E724 /* Build configuration list for PBXNativeTarget "Places" */ = {
			isa = XCConfigurationList;
			buildConfigurations = (
				232E34A71CCF9D3D0018E724 /* Debug */,
				232E34A81CCF9D3D0018E724 /* Release */,
			);
			defaultConfigurationIsVisible = 0;
			defaultConfigurationName = Release;
		};
/* End XCConfigurationList section */
	};
	rootObject = 232E348D1CCF9D3D0018E724 /* Project object */;
}
